
Microsoft Visual Studio Solution File, Format Version 12.00
# Visual Studio Version 17
VisualStudioVersion = 17.3.32901.215
MinimumVisualStudioVersion = 10.0.40219.1
Project("{9A19103F-16F7-4668-BE54-9A1E7A4F7556}") = "Wk4HW_LargeMultiColorSprite", "Wk4HW_LargeMultiColorSprite.csproj", "{77011ACE-C9C6-4530-99B1-D3AEBFDF0D83}"
EndProject
Global
	GlobalSection(SolutionConfigurationPlatforms) = preSolution
		Debug|Any CPU = Debug|Any CPU
		Release|Any CPU = Release|Any CPU
	EndGlobalSection
	GlobalSection(ProjectConfigurationPlatforms) = postSolution
		{77011ACE-C9C6-4530-99B1-D3AEBFDF0D83}.Debug|Any CPU.ActiveCfg = Debug|Any CPU
		{77011ACE-C9C6-4530-99B1-D3AEBFDF0D83}.Debug|Any CPU.Build.0 = Debug|Any CPU
		{77011ACE-C9C6-4530-99B1-D3AEBFDF0D83}.Release|Any CPU.ActiveCfg = Release|Any CPU
		{77011ACE-C9C6-4530-99B1-D3AEBFDF0D83}.Release|Any CPU.Build.0 = Release|Any CPU
	EndGlobalSection
	GlobalSection(SolutionProperties) = preSolution
		HideSolutionNode = FALSE
	EndGlobalSection
	GlobalSection(ExtensibilityGlobals) = postSolution
		SolutionGuid = {0316DABE-E562-4052-80EC-9445B0FD6049}
	EndGlobalSection
EndGlobal
